// !$*UTF8*$!
{
	archiveVersion = 1;
	classes = {
	};
	objectVersion = 55;
	objects = {

/* Begin PBXBuildFile section */
		D57EE71527E3D39D00DC0AA9 /* SwiftUI_LessonApp.swift in Sources */ = {isa = PBXBuildFile; fileRef = D57EE70527E3D39B00DC0AA9 /* SwiftUI_LessonApp.swift */; };
		D57EE71627E3D39D00DC0AA9 /* SwiftUI_LessonApp.swift in Sources */ = {isa = PBXBuildFile; fileRef = D57EE70527E3D39B00DC0AA9 /* SwiftUI_LessonApp.swift */; };
		D57EE71727E3D39D00DC0AA9 /* ContentView.swift in Sources */ = {isa = PBXBuildFile; fileRef = D57EE70627E3D39B00DC0AA9 /* ContentView.swift */; };
		D57EE71827E3D39D00DC0AA9 /* ContentView.swift in Sources */ = {isa = PBXBuildFile; fileRef = D57EE70627E3D39B00DC0AA9 /* ContentView.swift */; };
		D57EE71927E3D39D00DC0AA9 /* Assets.xcassets in Resources */ = {isa = PBXBuildFile; fileRef = D57EE70727E3D39C00DC0AA9 /* Assets.xcassets */; };
		D57EE71A27E3D39D00DC0AA9 /* Assets.xcassets in Resources */ = {isa = PBXBuildFile; fileRef = D57EE70727E3D39C00DC0AA9 /* Assets.xcassets */; };
		D57EE72427E46A6200DC0AA9 /* ContentView1.swift in Sources */ = {isa = PBXBuildFile; fileRef = D57EE72327E46A6200DC0AA9 /* ContentView1.swift */; };
		D57EE72527E46A6200DC0AA9 /* ContentView1.swift in Sources */ = {isa = PBXBuildFile; fileRef = D57EE72327E46A6200DC0AA9 /* ContentView1.swift */; };
/* End PBXBuildFile section */

/* Begin PBXFileReference section */
		D57EE70527E3D39B00DC0AA9 /* SwiftUI_LessonApp.swift */ = {isa = PBXFileReference; lastKnownFileType = sourcecode.swift; path = SwiftUI_LessonApp.swift; sourceTree = "<group>"; };
		D57EE70627E3D39B00DC0AA9 /* ContentView.swift */ = {isa = PBXFileReference; lastKnownFileType = sourcecode.swift; path = ContentView.swift; sourceTree = "<group>"; };
		D57EE70727E3D39C00DC0AA9 /* Assets.xcassets */ = {isa = PBXFileReference; lastKnownFileType = folder.assetcatalog; path = Assets.xcassets; sourceTree = "<group>"; };
		D57EE70C27E3D39C00DC0AA9 /* SwiftUI-Lesson.app */ = {isa = PBXFileReference; explicitFileType = wrapper.application; includeInIndex = 0; path = "SwiftUI-Lesson.app"; sourceTree = BUILT_PRODUCTS_DIR; };
		D57EE71227E3D39D00DC0AA9 /* SwiftUI-Lesson.app */ = {isa = PBXFileReference; explicitFileType = wrapper.application; includeInIndex = 0; path = "SwiftUI-Lesson.app"; sourceTree = BUILT_PRODUCTS_DIR; };
		D57EE71427E3D39D00DC0AA9 /* macOS.entitlements */ = {isa = PBXFileReference; lastKnownFileType = text.plist.entitlements; path = macOS.entitlements; sourceTree = "<group>"; };
		D57EE72327E46A6200DC0AA9 /* ContentView1.swift */ = {isa = PBXFileReference; lastKnownFileType = sourcecode.swift; path = ContentView1.swift; sourceTree = "<group>"; };
/* End PBXFileReference section */

/* Begin PBXFrameworksBuildPhase section */
		D57EE70927E3D39C00DC0AA9 /* Frameworks */ = {
			isa = PBXFrameworksBuildPhase;
			buildActionMask = 2147483647;
			files = (
			);
			runOnlyForDeploymentPostprocessing = 0;
		};
		D57EE70F27E3D39D00DC0AA9 /* Frameworks */ = {
			isa = PBXFrameworksBuildPhase;
			buildActionMask = 2147483647;
			files = (
			);
			runOnlyForDeploymentPostprocessing = 0;
		};
/* End PBXFrameworksBuildPhase section */

/* Begin PBXGroup section */
		D57EE6FF27E3D39B00DC0AA9 = {
			isa = PBXGroup;
			children = (
				D57EE70427E3D39B00DC0AA9 /* Shared */,
				D57EE71327E3D39D00DC0AA9 /* macOS */,
				D57EE70D27E3D39C00DC0AA9 /* Products */,
			);
			sourceTree = "<group>";
		};
		D57EE70427E3D39B00DC0AA9 /* Shared */ = {
			isa = PBXGroup;
			children = (
				D57EE70527E3D39B00DC0AA9 /* SwiftUI_LessonApp.swift */,
				D57EE70627E3D39B00DC0AA9 /* ContentView.swift */,
				D57EE70727E3D39C00DC0AA9 /* Assets.xcassets */,
				D57EE72327E46A6200DC0AA9 /* ContentView1.swift */,
			);
			path = Shared;
			sourceTree = "<group>";
		};
		D57EE70D27E3D39C00DC0AA9 /* Products */ = {
			isa = PBXGroup;
			children = (
				D57EE70C27E3D39C00DC0AA9 /* SwiftUI-Lesson.app */,
				D57EE71227E3D39D00DC0AA9 /* SwiftUI-Lesson.app */,
			);
			name = Products;
			sourceTree = "<group>";
		};
		D57EE71327E3D39D00DC0AA9 /* macOS */ = {
			isa = PBXGroup;
			children = (
				D57EE71427E3D39D00DC0AA9 /* macOS.entitlements */,
			);
			path = macOS;
			sourceTree = "<group>";
		};
/* End PBXGroup section */

/* Begin PBXNativeTarget section */
		D57EE70B27E3D39C00DC0AA9 /* SwiftUI-Lesson (iOS) */ = {
			isa = PBXNativeTarget;
			buildConfigurationList = D57EE71D27E3D39D00DC0AA9 /* Build configuration list for PBXNativeTarget "SwiftUI-Lesson (iOS)" */;
			buildPhases = (
				D57EE70827E3D39C00DC0AA9 /* Sources */,
				D57EE70927E3D39C00DC0AA9 /* Frameworks */,
				D57EE70A27E3D39C00DC0AA9 /* Resources */,
			);
			buildRules = (
			);
			dependencies = (
			);
			name = "SwiftUI-Lesson (iOS)";
			productName = "SwiftUI-Lesson (iOS)";
			productReference = D57EE70C27E3D39C00DC0AA9 /* SwiftUI-Lesson.app */;
			productType = "com.apple.product-type.application";
		};
		D57EE71127E3D39D00DC0AA9 /* SwiftUI-Lesson (macOS) */ = {
			isa = PBXNativeTarget;
			buildConfigurationList = D57EE72027E3D39D00DC0AA9 /* Build configuration list for PBXNativeTarget "SwiftUI-Lesson (macOS)" */;
			buildPhases = (
				D57EE70E27E3D39D00DC0AA9 /* Sources */,
				D57EE70F27E3D39D00DC0AA9 /* Frameworks */,
				D57EE71027E3D39D00DC0AA9 /* Resources */,
			);
			buildRules = (
			);
			dependencies = (
			);
			name = "SwiftUI-Lesson (macOS)";
			productName = "SwiftUI-Lesson (macOS)";
			productReference = D57EE71227E3D39D00DC0AA9 /* SwiftUI-Lesson.app */;
			productType = "com.apple.product-type.application";
		};
/* End PBXNativeTarget section */

/* Begin PBXProject section */
		D57EE70027E3D39B00DC0AA9 /* Project object */ = {
			isa = PBXProject;
			attributes = {
				BuildIndependentTargetsInParallel = 1;
				LastSwiftUpdateCheck = 1320;
				LastUpgradeCheck = 1320;
				TargetAttributes = {
					D57EE70B27E3D39C00DC0AA9 = {
						CreatedOnToolsVersion = 13.2.1;
					};
					D57EE71127E3D39D00DC0AA9 = {
						CreatedOnToolsVersion = 13.2.1;
					};
				};
			};
			buildConfigurationList = D57EE70327E3D39B00DC0AA9 /* Build configuration list for PBXProject "SwiftUI-Lesson" */;
			compatibilityVersion = "Xcode 13.0";
			developmentRegion = en;
			hasScannedForEncodings = 0;
			knownRegions = (
				en,
				Base,
			);
			mainGroup = D57EE6FF27E3D39B00DC0AA9;
			productRefGroup = D57EE70D27E3D39C00DC0AA9 /* Products */;
			projectDirPath = "";
			projectRoot = "";
			targets = (
				D57EE70B27E3D39C00DC0AA9 /* SwiftUI-Lesson (iOS) */,
				D57EE71127E3D39D00DC0AA9 /* SwiftUI-Lesson (macOS) */,
			);
		};
/* End PBXProject section */

/* Begin PBXResourcesBuildPhase section */
		D57EE70A27E3D39C00DC0AA9 /* Resources */ = {
			isa = PBXResourcesBuildPhase;
			buildActionMask = 2147483647;
			files = (
				D57EE71927E3D39D00DC0AA9 /* Assets.xcassets in Resources */,
			);
			runOnlyForDeploymentPostprocessing = 0;
		};
		D57EE71027E3D39D00DC0AA9 /* Resources */ = {
			isa = PBXResourcesBuildPhase;
			buildActionMask = 2147483647;
			files = (
				D57EE71A27E3D39D00DC0AA9 /* Assets.xcassets in Resources */,
			);
			runOnlyForDeploymentPostprocessing = 0;
		};
/* End PBXResourcesBuildPhase section */

/* Begin PBXSourcesBuildPhase section */
		D57EE70827E3D39C00DC0AA9 /* Sources */ = {
			isa = PBXSourcesBuildPhase;
			buildActionMask = 2147483647;
			files = (
				D57EE72427E46A6200DC0AA9 /* ContentView1.swift in Sources */,
				D57EE71727E3D39D00DC0AA9 /* ContentView.swift in Sources */,
				D57EE71527E3D39D00DC0AA9 /* SwiftUI_LessonApp.swift in Sources */,
			);
			runOnlyForDeploymentPostprocessing = 0;
		};
		D57EE70E27E3D39D00DC0AA9 /* Sources */ = {
			isa = PBXSourcesBuildPhase;
			buildActionMask = 2147483647;
			files = (
				D57EE72527E46A6200DC0AA9 /* ContentView1.swift in Sources */,
				D57EE71827E3D39D00DC0AA9 /* ContentView.swift in Sources */,
				D57EE71627E3D39D00DC0AA9 /* SwiftUI_LessonApp.swift in Sources */,
			);
			runOnlyForDeploymentPostprocessing = 0;
		};
/* End PBXSourcesBuildPhase section */

/* Begin XCBuildConfiguration section */
		D57EE71B27E3D39D00DC0AA9 /* Debug */ = {
			isa = XCBuildConfiguration;
			buildSettings = {
				ALWAYS_SEARCH_USER_PATHS = NO;
				CLANG_ANALYZER_NONNULL = YES;
				CLANG_ANALYZER_NUMBER_OBJECT_CONVERSION = YES_AGGRESSIVE;
				CLANG_CXX_LANGUAGE_STANDARD = "gnu++17";
				CLANG_CXX_LIBRARY = "libc++";
				CLANG_ENABLE_MODULES = YES;
				CLANG_ENABLE_OBJC_ARC = YES;
				CLANG_ENABLE_OBJC_WEAK = YES;
				CLANG_WARN_BLOCK_CAPTURE_AUTORELEASING = YES;
				CLANG_WARN_BOOL_CONVERSION = YES;
				CLANG_WARN_COMMA = YES;
				CLANG_WARN_CONSTANT_CONVERSION = YES;
				CLANG_WARN_DEPRECATED_OBJC_IMPLEMENTATIONS = YES;
				CLANG_WARN_DIRECT_OBJC_ISA_USAGE = YES_ERROR;
				CLANG_WARN_DOCUMENTATION_COMMENTS = YES;
				CLANG_WARN_EMPTY_BODY = YES;
				CLANG_WARN_ENUM_CONVERSION = YES;
				CLANG_WARN_INFINITE_RECURSION = YES;
				CLANG_WARN_INT_CONVERSION = YES;
				CLANG_WARN_NON_LITERAL_NULL_CONVERSION = YES;
				CLANG_WARN_OBJC_IMPLICIT_RETAIN_SELF = YES;
				CLANG_WARN_OBJC_LITERAL_CONVERSION = YES;
				CLANG_WARN_OBJC_ROOT_CLASS = YES_ERROR;
				CLANG_WARN_QUOTED_INCLUDE_IN_FRAMEWORK_HEADER = YES;
				CLANG_WARN_RANGE_LOOP_ANALYSIS = YES;
				CLANG_WARN_STRICT_PROTOTYPES = YES;
				CLANG_WARN_SUSPICIOUS_MOVE = YES;
				CLANG_WARN_UNGUARDED_AVAILABILITY = YES_AGGRESSIVE;
				CLANG_WARN_UNREACHABLE_CODE = YES;
				CLANG_WARN__DUPLICATE_METHOD_MATCH = YES;
				COPY_PHASE_STRIP = NO;
				DEBUG_INFORMATION_FORMAT = dwarf;
				ENABLE_STRICT_OBJC_MSGSEND = YES;
				ENABLE_TESTABILITY = YES;
				GCC_C_LANGUAGE_STANDARD = gnu11;
				GCC_DYNAMIC_NO_PIC = NO;
				GCC_NO_COMMON_BLOCKS = YES;
				GCC_OPTIMIZATION_LEVEL = 0;
				GCC_PREPROCESSOR_DEFINITIONS = (
					"DEBUG=1",
					"$(inherited)",
				);
				GCC_WARN_64_TO_32_BIT_CONVERSION = YES;
				GCC_WARN_ABOUT_RETURN_TYPE = YES_ERROR;
				GCC_WARN_UNDECLARED_SELECTOR = YES;
				GCC_WARN_UNINITIALIZED_AUTOS = YES_AGGRESSIVE;
				GCC_WARN_UNUSED_FUNCTION = YES;
				GCC_WARN_UNUSED_VARIABLE = YES;
				MTL_ENABLE_DEBUG_INFO = INCLUDE_SOURCE;
				MTL_FAST_MATH = YES;
				ONLY_ACTIVE_ARCH = YES;
				SWIFT_ACTIVE_COMPILATION_CONDITIONS = DEBUG;
				SWIFT_OPTIMIZATION_LEVEL = "-Onone";
			};
			name = Debug;
		};
		D57EE71C27E3D39D00DC0AA9 /* Release */ = {
			isa = XCBuildConfiguration;
			buildSettings = {
				ALWAYS_SEARCH_USER_PATHS = NO;
				CLANG_ANALYZER_NONNULL = YES;
				CLANG_ANALYZER_NUMBER_OBJECT_CONVERSION = YES_AGGRESSIVE;
				CLANG_CXX_LANGUAGE_STANDARD = "gnu++17";
				CLANG_CXX_LIBRARY = "libc++";
				CLANG_ENABLE_MODULES = YES;
				CLANG_ENABLE_OBJC_ARC = YES;
				CLANG_ENABLE_OBJC_WEAK = YES;
				CLANG_WARN_BLOCK_CAPTURE_AUTORELEASING = YES;
				CLANG_WARN_BOOL_CONVERSION = YES;
				CLANG_WARN_COMMA = YES;
				CLANG_WARN_CONSTANT_CONVERSION = YES;
				CLANG_WARN_DEPRECATED_OBJC_IMPLEMENTATIONS = YES;
				CLANG_WARN_DIRECT_OBJC_ISA_USAGE = YES_ERROR;
				CLANG_WARN_DOCUMENTATION_COMMENTS = YES;
				CLANG_WARN_EMPTY_BODY = YES;
				CLANG_WARN_ENUM_CONVERSION = YES;
				CLANG_WARN_INFINITE_RECURSION = YES;
				CLANG_WARN_INT_CONVERSION = YES;
				CLANG_WARN_NON_LITERAL_NULL_CONVERSION = YES;
				CLANG_WARN_OBJC_IMPLICIT_RETAIN_SELF = YES;
				CLANG_WARN_OBJC_LITERAL_CONVERSION = YES;
				CLANG_WARN_OBJC_ROOT_CLASS = YES_ERROR;
				CLANG_WARN_QUOTED_INCLUDE_IN_FRAMEWORK_HEADER = YES;
				CLANG_WARN_RANGE_LOOP_ANALYSIS = YES;
				CLANG_WARN_STRICT_PROTOTYPES = YES;
				CLANG_WARN_SUSPICIOUS_MOVE = YES;
				CLANG_WARN_UNGUARDED_AVAILABILITY = YES_AGGRESSIVE;
				CLANG_WARN_UNREACHABLE_CODE = YES;
				CLANG_WARN__DUPLICATE_METHOD_MATCH = YES;
				COPY_PHASE_STRIP = NO;
				DEBUG_INFORMATION_FORMAT = "dwarf-with-dsym";
				ENABLE_NS_ASSERTIONS = NO;
				ENABLE_STRICT_OBJC_MSGSEND = YES;
				GCC_C_LANGUAGE_STANDARD = gnu11;
				GCC_NO_COMMON_BLOCKS = YES;
				GCC_WARN_64_TO_32_BIT_CONVERSION = YES;
				GCC_WARN_ABOUT_RETURN_TYPE = YES_ERROR;
				GCC_WARN_UNDECLARED_SELECTOR = YES;
				GCC_WARN_UNINITIALIZED_AUTOS = YES_AGGRESSIVE;
				GCC_WARN_UNUSED_FUNCTION = YES;
				GCC_WARN_UNUSED_VARIABLE = YES;
				MTL_ENABLE_DEBUG_INFO = NO;
				MTL_FAST_MATH = YES;
				SWIFT_COMPILATION_MODE = wholemodule;
				SWIFT_OPTIMIZATION_LEVEL = "-O";
			};
			name = Release;
		};
		D57EE71E27E3D39D00DC0AA9 /* Debug */ = {
			isa = XCBuildConfiguration;
			buildSettings = {
				ASSETCATALOG_COMPILER_APPICON_NAME = AppIcon;
				ASSETCATALOG_COMPILER_GLOBAL_ACCENT_COLOR_NAME = AccentColor;
				CODE_SIGN_STYLE = Automatic;
				CURRENT_PROJECT_VERSION = 1;
				ENABLE_PREVIEWS = YES;
				GENERATE_INFOPLIST_FILE = YES;
				INFOPLIST_KEY_UIApplicationSceneManifest_Generation = YES;
				INFOPLIST_KEY_UIApplicationSupportsIndirectInputEvents = YES;
				INFOPLIST_KEY_UILaunchScreen_Generation = YES;
				INFOPLIST_KEY_UISupportedInterfaceOrientations_iPad = "UIInterfaceOrientationPortrait UIInterfaceOrientationPortraitUpsideDown UIInterfaceOrientationLandscapeLeft UIInterfaceOrientationLandscapeRight";
				INFOPLIST_KEY_UISupportedInterfaceOrientations_iPhone = "UIInterfaceOrientationPortrait UIInterfaceOrientationLandscapeLeft UIInterfaceOrientationLandscapeRight";
				IPHONEOS_DEPLOYMENT_TARGET = 15.2;
				LD_RUNPATH_SEARCH_PATHS = (
					"$(inherited)",
					"@executable_path/Frameworks",
				);
				MARKETING_VERSION = 1.0;
				PRODUCT_BUNDLE_IDENTIFIER = "babul.SwiftUI-Lesson";
				PRODUCT_NAME = "SwiftUI-Lesson";
				SDKROOT = iphoneos;
				SWIFT_EMIT_LOC_STRINGS = YES;
				SWIFT_VERSION = 5.0;
				TARGETED_DEVICE_FAMILY = "1,2";
			};
			name = Debug;
		};
		D57EE71F27E3D39D00DC0AA9 /* Release */ = {
			isa = XCBuildConfiguration;
			buildSettings = {
				ASSETCATALOG_COMPILER_APPICON_NAME = AppIcon;
				ASSETCATALOG_COMPILER_GLOBAL_ACCENT_COLOR_NAME = AccentColor;
				CODE_SIGN_STYLE = Automatic;
				CURRENT_PROJECT_VERSION = 1;
				ENABLE_PREVIEWS = YES;
				GENERATE_INFOPLIST_FILE = YES;
				INFOPLIST_KEY_UIApplicationSceneManifest_Generation = YES;
				INFOPLIST_KEY_UIApplicationSupportsIndirectInputEvents = YES;
				INFOPLIST_KEY_UILaunchScreen_Generation = YES;
				INFOPLIST_KEY_UISupportedInterfaceOrientations_iPad = "UIInterfaceOrientationPortrait UIInterfaceOrientationPortraitUpsideDown UIInterfaceOrientationLandscapeLeft UIInterfaceOrientationLandscapeRight";
				INFOPLIST_KEY_UISupportedInterfaceOrientations_iPhone = "UIInterfaceOrientationPortrait UIInterfaceOrientationLandscapeLeft UIInterfaceOrientationLandscapeRight";
				IPHONEOS_DEPLOYMENT_TARGET = 15.2;
				LD_RUNPATH_SEARCH_PATHS = (
					"$(inherited)",
					"@executable_path/Frameworks",
				);
				MARKETING_VERSION = 1.0;
				PRODUCT_BUNDLE_IDENTIFIER = "babul.SwiftUI-Lesson";
				PRODUCT_NAME = "SwiftUI-Lesson";
				SDKROOT = iphoneos;
				SWIFT_EMIT_LOC_STRINGS = YES;
				SWIFT_VERSION = 5.0;
				TARGETED_DEVICE_FAMILY = "1,2";
				VALIDATE_PRODUCT = YES;
			};
			name = Release;
		};
		D57EE72127E3D39D00DC0AA9 /* Debug */ = {
			isa = XCBuildConfiguration;
			buildSettings = {
				ASSETCATALOG_COMPILER_APPICON_NAME = AppIcon;
				ASSETCATALOG_COMPILER_GLOBAL_ACCENT_COLOR_NAME = AccentColor;
				CODE_SIGN_ENTITLEMENTS = macOS/macOS.entitlements;
				CODE_SIGN_STYLE = Automatic;
				COMBINE_HIDPI_IMAGES = YES;
				CURRENT_PROJECT_VERSION = 1;
				ENABLE_PREVIEWS = YES;
				GENERATE_INFOPLIST_FILE = YES;
				INFOPLIST_KEY_NSHumanReadableCopyright = "";
				LD_RUNPATH_SEARCH_PATHS = (
					"$(inherited)",
					"@executable_path/../Frameworks",
				);
				MACOSX_DEPLOYMENT_TARGET = 11.6;
				MARKETING_VERSION = 1.0;
				PRODUCT_BUNDLE_IDENTIFIER = "babul.SwiftUI-Lesson";
				PRODUCT_NAME = "SwiftUI-Lesson";
				SDKROOT = macosx;
				SWIFT_EMIT_LOC_STRINGS = YES;
				SWIFT_VERSION = 5.0;
			};
			name = Debug;
		};
		D57EE72227E3D39D00DC0AA9 /* Release */ = {
			isa = XCBuildConfiguration;
			buildSettings = {
				ASSETCATALOG_COMPILER_APPICON_NAME = AppIcon;
				ASSETCATALOG_COMPILER_GLOBAL_ACCENT_COLOR_NAME = AccentColor;
				CODE_SIGN_ENTITLEMENTS = macOS/macOS.entitlements;
				CODE_SIGN_STYLE = Automatic;
				COMBINE_HIDPI_IMAGES = YES;
				CURRENT_PROJECT_VERSION = 1;
				ENABLE_PREVIEWS = YES;
				GENERATE_INFOPLIST_FILE = YES;
				INFOPLIST_KEY_NSHumanReadableCopyright = "";
				LD_RUNPATH_SEARCH_PATHS = (
					"$(inherited)",
					"@executable_path/../Frameworks",
				);
				MACOSX_DEPLOYMENT_TARGET = 11.6;
				MARKETING_VERSION = 1.0;
				PRODUCT_BUNDLE_IDENTIFIER = "babul.SwiftUI-Lesson";
				PRODUCT_NAME = "SwiftUI-Lesson";
				SDKROOT = macosx;
				SWIFT_EMIT_LOC_STRINGS = YES;
				SWIFT_VERSION = 5.0;
			};
			name = Release;
		};
/* End XCBuildConfiguration section */

/* Begin XCConfigurationList section */
		D57EE70327E3D39B00DC0AA9 /* Build configuration list for PBXProject "SwiftUI-Lesson" */ = {
			isa = XCConfigurationList;
			buildConfigurations = (
				D57EE71B27E3D39D00DC0AA9 /* Debug */,
				D57EE71C27E3D39D00DC0AA9 /* Release */,
			);
			defaultConfigurationIsVisible = 0;
			defaultConfigurationName = Release;
		};
		D57EE71D27E3D39D00DC0AA9 /* Build configuration list for PBXNativeTarget "SwiftUI-Lesson (iOS)" */ = {
			isa = XCConfigurationList;
			buildConfigurations = (
				D57EE71E27E3D39D00DC0AA9 /* Debug */,
				D57EE71F27E3D39D00DC0AA9 /* Release */,
			);
			defaultConfigurationIsVisible = 0;
			defaultConfigurationName = Release;
		};
		D57EE72027E3D39D00DC0AA9 /* Build configuration list for PBXNativeTarget "SwiftUI-Lesson (macOS)" */ = {
			isa = XCConfigurationList;
			buildConfigurations = (
				D57EE72127E3D39D00DC0AA9 /* Debug */,
				D57EE72227E3D39D00DC0AA9 /* Release */,
			);
			defaultConfigurationIsVisible = 0;
			defaultConfigurationName = Release;
		};
/* End XCConfigurationList section */
	};
	rootObject = D57EE70027E3D39B00DC0AA9 /* Project object */;
}
